
Microsoft Visual Studio Solution File, Format Version 12.00
Project("{FAE04EC0-301F-11D3-BF4B-00C04F79EFBC}") = "CNServer", "Server\CNServer.csproj", "{2C0BB0D3-3D87-4C92-8A76-64981FC1EE3F}"
EndProject
Project("{FAE04EC0-301F-11D3-BF4B-00C04F79EFBC}") = "cnclient", "Client\code\cnclient.csproj", "{9A0080BA-189B-42D7-A3F7-22498B806E30}"
EndProject
Global
	GlobalSection(SolutionConfigurationPlatforms) = preSolution
		Debug|Any CPU = Debug|Any CPU
		Release|Any CPU = Release|Any CPU
	EndGlobalSection
	GlobalSection(ProjectConfigurationPlatforms) = postSolution
		{2C0BB0D3-3D87-4C92-8A76-64981FC1EE3F}.Debug|Any CPU.ActiveCfg = Debug|Any CPU
		{2C0BB0D3-3D87-4C92-8A76-64981FC1EE3F}.Debug|Any CPU.Build.0 = Debug|Any CPU
		{2C0BB0D3-3D87-4C92-8A76-64981FC1EE3F}.Release|Any CPU.ActiveCfg = Release|Any CPU
		{2C0BB0D3-3D87-4C92-8A76-64981FC1EE3F}.Release|Any CPU.Build.0 = Release|Any CPU
		{9A0080BA-189B-42D7-A3F7-22498B806E30}.Debug|Any CPU.ActiveCfg = Debug|Any CPU
		{9A0080BA-189B-42D7-A3F7-22498B806E30}.Debug|Any CPU.Build.0 = Debug|Any CPU
		{9A0080BA-189B-42D7-A3F7-22498B806E30}.Release|Any CPU.ActiveCfg = Release|Any CPU
		{9A0080BA-189B-42D7-A3F7-22498B806E30}.Release|Any CPU.Build.0 = Release|Any CPU
	EndGlobalSection
EndGlobal
