
Microsoft Visual Studio Solution File, Format Version 12.00
Project("{FAE04EC0-301F-11D3-BF4B-00C04F79EFBC}") = "NetBolt.Server", "NetBolt.Server\NetBolt.Server.csproj", "{A3842C68-1551-4355-9377-883D2AA7BD95}"
EndProject
Project("{FAE04EC0-301F-11D3-BF4B-00C04F79EFBC}") = "netbolt_client", "NetBolt.Client\code\netbolt_client.csproj", "{5D40F056-9BE6-44B7-8E58-4A254E478D6C}"
EndProject
Global
	GlobalSection(SolutionConfigurationPlatforms) = preSolution
		Debug|Any CPU = Debug|Any CPU
		Release|Any CPU = Release|Any CPU
	EndGlobalSection
	GlobalSection(ProjectConfigurationPlatforms) = postSolution
		{A3842C68-1551-4355-9377-883D2AA7BD95}.Debug|Any CPU.ActiveCfg = Debug|Any CPU
		{A3842C68-1551-4355-9377-883D2AA7BD95}.Debug|Any CPU.Build.0 = Debug|Any CPU
		{A3842C68-1551-4355-9377-883D2AA7BD95}.Release|Any CPU.ActiveCfg = Release|Any CPU
		{A3842C68-1551-4355-9377-883D2AA7BD95}.Release|Any CPU.Build.0 = Release|Any CPU
		{5D40F056-9BE6-44B7-8E58-4A254E478D6C}.Debug|Any CPU.ActiveCfg = Debug|Any CPU
		{5D40F056-9BE6-44B7-8E58-4A254E478D6C}.Debug|Any CPU.Build.0 = Debug|Any CPU
		{5D40F056-9BE6-44B7-8E58-4A254E478D6C}.Release|Any CPU.ActiveCfg = Release|Any CPU
		{5D40F056-9BE6-44B7-8E58-4A254E478D6C}.Release|Any CPU.Build.0 = Release|Any CPU
	EndGlobalSection
EndGlobal
